
Microsoft Visual Studio Solution File, Format Version 12.00
# Visual Studio Version 16
VisualStudioVersion = 16.0.29519.181
MinimumVisualStudioVersion = 10.0.40219.1
Project("{9A19103F-16F7-4668-BE54-9A1E7A4F7556}") = "Funky.Test", "Funky\Funky.Test.csproj", "{B953DE96-E6F3-43D9-8C44-6ECC23C6A2EA}"
EndProject
Project("{9A19103F-16F7-4668-BE54-9A1E7A4F7556}") = "Funky", "Funky.Filters\Funky.csproj", "{941B1239-24B5-46B3-B4AA-539200C01C84}"
EndProject
Project("{2150E333-8FDC-42A3-9474-1A3956D46DE8}") = "Solution Items", "Solution Items", "{5BA2AEAD-6F35-491F-AE1E-40A9C2229AF0}"
	ProjectSection(SolutionItems) = preProject
		.editorconfig = .editorconfig
	EndProjectSection
EndProject
Global
	GlobalSection(SolutionConfigurationPlatforms) = preSolution
		Debug|Any CPU = Debug|Any CPU
		Release|Any CPU = Release|Any CPU
	EndGlobalSection
	GlobalSection(ProjectConfigurationPlatforms) = postSolution
		{B953DE96-E6F3-43D9-8C44-6ECC23C6A2EA}.Debug|Any CPU.ActiveCfg = Debug|Any CPU
		{B953DE96-E6F3-43D9-8C44-6ECC23C6A2EA}.Debug|Any CPU.Build.0 = Debug|Any CPU
		{B953DE96-E6F3-43D9-8C44-6ECC23C6A2EA}.Release|Any CPU.ActiveCfg = Release|Any CPU
		{B953DE96-E6F3-43D9-8C44-6ECC23C6A2EA}.Release|Any CPU.Build.0 = Release|Any CPU
		{941B1239-24B5-46B3-B4AA-539200C01C84}.Debug|Any CPU.ActiveCfg = Debug|Any CPU
		{941B1239-24B5-46B3-B4AA-539200C01C84}.Debug|Any CPU.Build.0 = Debug|Any CPU
		{941B1239-24B5-46B3-B4AA-539200C01C84}.Release|Any CPU.ActiveCfg = Release|Any CPU
		{941B1239-24B5-46B3-B4AA-539200C01C84}.Release|Any CPU.Build.0 = Release|Any CPU
	EndGlobalSection
	GlobalSection(SolutionProperties) = preSolution
		HideSolutionNode = FALSE
	EndGlobalSection
	GlobalSection(ExtensibilityGlobals) = postSolution
		SolutionGuid = {CDFEFD4B-AFAF-4FE2-9084-1B47FD8D5932}
	EndGlobalSection
EndGlobal
